
Microsoft Visual Studio Solution File, Format Version 12.00
# Visual Studio Version 17
VisualStudioVersion = 17.14.36414.22
MinimumVisualStudioVersion = 10.0.40219.1
Project("{FAE04EC0-301F-11D3-BF4B-00C04F79EFBC}") = "API_CAPITAL_MANAGEMENT", "API_CAPITAL_MANAGEMENT.csproj", "{8AAD46EA-D1EC-419B-A28D-F79396DDFBA6}"
EndProject
Global
	GlobalSection(SolutionConfigurationPlatforms) = preSolution
		Debug|Any CPU = Debug|Any CPU
		Release|Any CPU = Release|Any CPU
	EndGlobalSection
	GlobalSection(ProjectConfigurationPlatforms) = postSolution
		{8AAD46EA-D1EC-419B-A28D-F79396DDFBA6}.Debug|Any CPU.ActiveCfg = Debug|Any CPU
		{8AAD46EA-D1EC-419B-A28D-F79396DDFBA6}.Debug|Any CPU.Build.0 = Debug|Any CPU
		{8AAD46EA-D1EC-419B-A28D-F79396DDFBA6}.Release|Any CPU.ActiveCfg = Release|Any CPU
		{8AAD46EA-D1EC-419B-A28D-F79396DDFBA6}.Release|Any CPU.Build.0 = Release|Any CPU
	EndGlobalSection
	GlobalSection(SolutionProperties) = preSolution
		HideSolutionNode = FALSE
	EndGlobalSection
	GlobalSection(ExtensibilityGlobals) = postSolution
		SolutionGuid = {5DC71FC2-4B3C-4310-BE70-B9A1CED14AB2}
	EndGlobalSection
EndGlobal
